
Microsoft Visual Studio Solution File, Format Version 12.00
# Visual Studio Version 17
VisualStudioVersion = 17.8.34525.116
MinimumVisualStudioVersion = 10.0.40219.1
Project("{FAE04EC0-301F-11D3-BF4B-00C04F79EFBC}") = "Claves_Wifi", "Claves_Wifi\Claves_Wifi.csproj", "{53146DB5-A242-4936-93C2-D1AC8CAE3E8D}"
EndProject
Global
	GlobalSection(SolutionConfigurationPlatforms) = preSolution
		Debug|Any CPU = Debug|Any CPU
		Release|Any CPU = Release|Any CPU
	EndGlobalSection
	GlobalSection(ProjectConfigurationPlatforms) = postSolution
		{53146DB5-A242-4936-93C2-D1AC8CAE3E8D}.Debug|Any CPU.ActiveCfg = Debug|Any CPU
		{53146DB5-A242-4936-93C2-D1AC8CAE3E8D}.Debug|Any CPU.Build.0 = Debug|Any CPU
		{53146DB5-A242-4936-93C2-D1AC8CAE3E8D}.Release|Any CPU.ActiveCfg = Release|Any CPU
		{53146DB5-A242-4936-93C2-D1AC8CAE3E8D}.Release|Any CPU.Build.0 = Release|Any CPU
	EndGlobalSection
	GlobalSection(SolutionProperties) = preSolution
		HideSolutionNode = FALSE
	EndGlobalSection
	GlobalSection(ExtensibilityGlobals) = postSolution
		SolutionGuid = {EC83A9D5-6101-4DDF-B21A-485A78923525}
	EndGlobalSection
EndGlobal
